
Microsoft Visual Studio Solution File, Format Version 12.00
# Visual Studio Version 17
VisualStudioVersion = 17.10.35122.118
MinimumVisualStudioVersion = 10.0.40219.1
Project("{9A19103F-16F7-4668-BE54-9A1E7A4F7556}") = "BrightFocus", "BrightFocus\BrightFocus.csproj", "{0D4E69DD-3F69-46D9-938C-35D99CA52908}"
EndProject
Project("{FAE04EC0-301F-11D3-BF4B-00C04F79EFBC}") = "BrightFocus.Core", "BrightFocus.Core\BrightFocus.Core.csproj", "{CD1645C6-1A00-40DF-80CF-25364A5B27DA}"
EndProject
Project("{FAE04EC0-301F-11D3-BF4B-00C04F79EFBC}") = "BrightFocus.Data", "BrightFocus.Data\BrightFocus.Data.csproj", "{D2345475-6A09-478E-A7E2-FA3B7DA2BD97}"
EndProject
Global
	GlobalSection(SolutionConfigurationPlatforms) = preSolution
		Debug|Any CPU = Debug|Any CPU
		Release|Any CPU = Release|Any CPU
	EndGlobalSection
	GlobalSection(ProjectConfigurationPlatforms) = postSolution
		{0D4E69DD-3F69-46D9-938C-35D99CA52908}.Debug|Any CPU.ActiveCfg = Debug|Any CPU
		{0D4E69DD-3F69-46D9-938C-35D99CA52908}.Debug|Any CPU.Build.0 = Debug|Any CPU
		{0D4E69DD-3F69-46D9-938C-35D99CA52908}.Release|Any CPU.ActiveCfg = Release|Any CPU
		{0D4E69DD-3F69-46D9-938C-35D99CA52908}.Release|Any CPU.Build.0 = Release|Any CPU
		{CD1645C6-1A00-40DF-80CF-25364A5B27DA}.Debug|Any CPU.ActiveCfg = Debug|Any CPU
		{CD1645C6-1A00-40DF-80CF-25364A5B27DA}.Debug|Any CPU.Build.0 = Debug|Any CPU
		{CD1645C6-1A00-40DF-80CF-25364A5B27DA}.Release|Any CPU.ActiveCfg = Release|Any CPU
		{CD1645C6-1A00-40DF-80CF-25364A5B27DA}.Release|Any CPU.Build.0 = Release|Any CPU
		{D2345475-6A09-478E-A7E2-FA3B7DA2BD97}.Debug|Any CPU.ActiveCfg = Debug|Any CPU
		{D2345475-6A09-478E-A7E2-FA3B7DA2BD97}.Debug|Any CPU.Build.0 = Debug|Any CPU
		{D2345475-6A09-478E-A7E2-FA3B7DA2BD97}.Release|Any CPU.ActiveCfg = Release|Any CPU
		{D2345475-6A09-478E-A7E2-FA3B7DA2BD97}.Release|Any CPU.Build.0 = Release|Any CPU
	EndGlobalSection
	GlobalSection(SolutionProperties) = preSolution
		HideSolutionNode = FALSE
	EndGlobalSection
	GlobalSection(ExtensibilityGlobals) = postSolution
		SolutionGuid = {4DF8D5E1-E45D-4EFC-AA58-53E5D3E7EFDA}
	EndGlobalSection
EndGlobal
